
Microsoft Visual Studio Solution File, Format Version 12.00
# Visual Studio Version 17
VisualStudioVersion = 17.11.35222.181
MinimumVisualStudioVersion = 10.0.40219.1
Project("{FAE04EC0-301F-11D3-BF4B-00C04F79EFBC}") = "ExamNet", "ExamNet\ExamNet.csproj", "{C7565DD0-328E-40F6-B443-C87904CD7213}"
EndProject
Global
	GlobalSection(SolutionConfigurationPlatforms) = preSolution
		Debug|Any CPU = Debug|Any CPU
		Release|Any CPU = Release|Any CPU
	EndGlobalSection
	GlobalSection(ProjectConfigurationPlatforms) = postSolution
		{C7565DD0-328E-40F6-B443-C87904CD7213}.Debug|Any CPU.ActiveCfg = Debug|Any CPU
		{C7565DD0-328E-40F6-B443-C87904CD7213}.Debug|Any CPU.Build.0 = Debug|Any CPU
		{C7565DD0-328E-40F6-B443-C87904CD7213}.Release|Any CPU.ActiveCfg = Release|Any CPU
		{C7565DD0-328E-40F6-B443-C87904CD7213}.Release|Any CPU.Build.0 = Release|Any CPU
	EndGlobalSection
	GlobalSection(SolutionProperties) = preSolution
		HideSolutionNode = FALSE
	EndGlobalSection
	GlobalSection(ExtensibilityGlobals) = postSolution
		SolutionGuid = {23728647-4C54-43DB-A353-70357CE1C08E}
	EndGlobalSection
EndGlobal
